
Microsoft Visual Studio Solution File, Format Version 12.00
# Visual Studio Version 16
VisualStudioVersion = 16.0.31624.102
MinimumVisualStudioVersion = 10.0.40219.1
Project("{FAE04EC0-301F-11D3-BF4B-00C04F79EFBC}") = "Atividade_17-09-2021", "Atividade_17-09-2021\Atividade_17-09-2021.csproj", "{99E95F00-C1D1-4519-9090-C0E457B8AF0A}"
EndProject
Global
	GlobalSection(SolutionConfigurationPlatforms) = preSolution
		Debug|Any CPU = Debug|Any CPU
		Release|Any CPU = Release|Any CPU
	EndGlobalSection
	GlobalSection(ProjectConfigurationPlatforms) = postSolution
		{99E95F00-C1D1-4519-9090-C0E457B8AF0A}.Debug|Any CPU.ActiveCfg = Debug|Any CPU
		{99E95F00-C1D1-4519-9090-C0E457B8AF0A}.Debug|Any CPU.Build.0 = Debug|Any CPU
		{99E95F00-C1D1-4519-9090-C0E457B8AF0A}.Release|Any CPU.ActiveCfg = Release|Any CPU
		{99E95F00-C1D1-4519-9090-C0E457B8AF0A}.Release|Any CPU.Build.0 = Release|Any CPU
	EndGlobalSection
	GlobalSection(SolutionProperties) = preSolution
		HideSolutionNode = FALSE
	EndGlobalSection
	GlobalSection(ExtensibilityGlobals) = postSolution
		SolutionGuid = {C2513031-7C52-43BC-8771-84341AD24D4C}
	EndGlobalSection
EndGlobal
